// !$*UTF8*$!
{
	archiveVersion = 1;
	classes = {
	};
	objectVersion = 46;
	objects = {

/* Begin PBXBuildFile section */
		18ED9FA819A7D5DA0095E3B1 /* AppDelegate.swift in Sources */ = {isa = PBXBuildFile; fileRef = 18ED9FA719A7D5DA0095E3B1 /* AppDelegate.swift */; };
		18ED9FAA19A7D5DA0095E3B1 /* ViewController.swift in Sources */ = {isa = PBXBuildFile; fileRef = 18ED9FA919A7D5DA0095E3B1 /* ViewController.swift */; };
		18ED9FAD19A7D5DA0095E3B1 /* Main.storyboard in Resources */ = {isa = PBXBuildFile; fileRef = 18ED9FAB19A7D5DA0095E3B1 /* Main.storyboard */; };
		18ED9FAF19A7D5DA0095E3B1 /* Images.xcassets in Resources */ = {isa = PBXBuildFile; fileRef = 18ED9FAE19A7D5DA0095E3B1 /* Images.xcassets */; };
		18ED9FBB19A7D5DA0095E3B1 /* Web_Service_ExampleTests.swift in Sources */ = {isa = PBXBuildFile; fileRef = 18ED9FBA19A7D5DA0095E3B1 /* Web_Service_ExampleTests.swift */; };
/* End PBXBuildFile section */

/* Begin PBXContainerItemProxy section */
		18ED9FB519A7D5DA0095E3B1 /* PBXContainerItemProxy */ = {
			isa = PBXContainerItemProxy;
			containerPortal = 18ED9F9A19A7D5DA0095E3B1 /* Project object */;
			proxyType = 1;
			remoteGlobalIDString = 18ED9FA119A7D5DA0095E3B1;
			remoteInfo = "Web Service Example";
		};
/* End PBXContainerItemProxy section */

/* Begin PBXFileReference section */
		18ED9FA219A7D5DA0095E3B1 /* Web Service Example.app */ = {isa = PBXFileReference; explicitFileType = wrapper.application; includeInIndex = 0; path = "Web Service Example.app"; sourceTree = BUILT_PRODUCTS_DIR; };
		18ED9FA619A7D5DA0095E3B1 /* Info.plist */ = {isa = PBXFileReference; lastKnownFileType = text.plist.xml; path = Info.plist; sourceTree = "<group>"; };
		18ED9FA719A7D5DA0095E3B1 /* AppDelegate.swift */ = {isa = PBXFileReference; lastKnownFileType = sourcecode.swift; path = AppDelegate.swift; sourceTree = "<group>"; };
		18ED9FA919A7D5DA0095E3B1 /* ViewController.swift */ = {isa = PBXFileReference; lastKnownFileType = sourcecode.swift; path = ViewController.swift; sourceTree = "<group>"; };
		18ED9FAC19A7D5DA0095E3B1 /* Base */ = {isa = PBXFileReference; lastKnownFileType = file.storyboard; name = Base; path = Base.lproj/Main.storyboard; sourceTree = "<group>"; };
		18ED9FAE19A7D5DA0095E3B1 /* Images.xcassets */ = {isa = PBXFileReference; lastKnownFileType = folder.assetcatalog; path = Images.xcassets; sourceTree = "<group>"; };
		18ED9FB419A7D5DA0095E3B1 /* Web Service ExampleTests.xctest */ = {isa = PBXFileReference; explicitFileType = wrapper.cfbundle; includeInIndex = 0; path = "Web Service ExampleTests.xctest"; sourceTree = BUILT_PRODUCTS_DIR; };
		18ED9FB919A7D5DA0095E3B1 /* Info.plist */ = {isa = PBXFileReference; lastKnownFileType = text.plist.xml; path = Info.plist; sourceTree = "<group>"; };
		18ED9FBA19A7D5DA0095E3B1 /* Web_Service_ExampleTests.swift */ = {isa = PBXFileReference; lastKnownFileType = sourcecode.swift; path = Web_Service_ExampleTests.swift; sourceTree = "<group>"; };
/* End PBXFileReference section */

/* Begin PBXFrameworksBuildPhase section */
		18ED9F9F19A7D5DA0095E3B1 /* Frameworks */ = {
			isa = PBXFrameworksBuildPhase;
			buildActionMask = 2147483647;
			files = (
			);
			runOnlyForDeploymentPostprocessing = 0;
		};
		18ED9FB119A7D5DA0095E3B1 /* Frameworks */ = {
			isa = PBXFrameworksBuildPhase;
			buildActionMask = 2147483647;
			files = (
			);
			runOnlyForDeploymentPostprocessing = 0;
		};
/* End PBXFrameworksBuildPhase section */

/* Begin PBXGroup section */
		18ED9F9919A7D5DA0095E3B1 = {
			isa = PBXGroup;
			children = (
				18ED9FA419A7D5DA0095E3B1 /* Web Service Example */,
				18ED9FB719A7D5DA0095E3B1 /* Web Service ExampleTests */,
				18ED9FA319A7D5DA0095E3B1 /* Products */,
			);
			sourceTree = "<group>";
		};
		18ED9FA319A7D5DA0095E3B1 /* Products */ = {
			isa = PBXGroup;
			children = (
				18ED9FA219A7D5DA0095E3B1 /* Web Service Example.app */,
				18ED9FB419A7D5DA0095E3B1 /* Web Service ExampleTests.xctest */,
			);
			name = Products;
			sourceTree = "<group>";
		};
		18ED9FA419A7D5DA0095E3B1 /* Web Service Example */ = {
			isa = PBXGroup;
			children = (
				18ED9FA719A7D5DA0095E3B1 /* AppDelegate.swift */,
				18ED9FA919A7D5DA0095E3B1 /* ViewController.swift */,
				18ED9FAB19A7D5DA0095E3B1 /* Main.storyboard */,
				18ED9FAE19A7D5DA0095E3B1 /* Images.xcassets */,
				18ED9FA519A7D5DA0095E3B1 /* Supporting Files */,
			);
			path = "Web Service Example";
			sourceTree = "<group>";
		};
		18ED9FA519A7D5DA0095E3B1 /* Supporting Files */ = {
			isa = PBXGroup;
			children = (
				18ED9FA619A7D5DA0095E3B1 /* Info.plist */,
			);
			name = "Supporting Files";
			sourceTree = "<group>";
		};
		18ED9FB719A7D5DA0095E3B1 /* Web Service ExampleTests */ = {
			isa = PBXGroup;
			children = (
				18ED9FBA19A7D5DA0095E3B1 /* Web_Service_ExampleTests.swift */,
				18ED9FB819A7D5DA0095E3B1 /* Supporting Files */,
			);
			path = "Web Service ExampleTests";
			sourceTree = "<group>";
		};
		18ED9FB819A7D5DA0095E3B1 /* Supporting Files */ = {
			isa = PBXGroup;
			children = (
				18ED9FB919A7D5DA0095E3B1 /* Info.plist */,
			);
			name = "Supporting Files";
			sourceTree = "<group>";
		};
/* End PBXGroup section */

/* Begin PBXNativeTarget section */
		18ED9FA119A7D5DA0095E3B1 /* Web Service Example */ = {
			isa = PBXNativeTarget;
			buildConfigurationList = 18ED9FBE19A7D5DA0095E3B1 /* Build configuration list for PBXNativeTarget "Web Service Example" */;
			buildPhases = (
				18ED9F9E19A7D5DA0095E3B1 /* Sources */,
				18ED9F9F19A7D5DA0095E3B1 /* Frameworks */,
				18ED9FA019A7D5DA0095E3B1 /* Resources */,
			);
			buildRules = (
			);
			dependencies = (
			);
			name = "Web Service Example";
			productName = "Web Service Example";
			productReference = 18ED9FA219A7D5DA0095E3B1 /* Web Service Example.app */;
			productType = "com.apple.product-type.application";
		};
		18ED9FB319A7D5DA0095E3B1 /* Web Service ExampleTests */ = {
			isa = PBXNativeTarget;
			buildConfigurationList = 18ED9FC119A7D5DA0095E3B1 /* Build configuration list for PBXNativeTarget "Web Service ExampleTests" */;
			buildPhases = (
				18ED9FB019A7D5DA0095E3B1 /* Sources */,
				18ED9FB119A7D5DA0095E3B1 /* Frameworks */,
				18ED9FB219A7D5DA0095E3B1 /* Resources */,
			);
			buildRules = (
			);
			dependencies = (
				18ED9FB619A7D5DA0095E3B1 /* PBXTargetDependency */,
			);
			name = "Web Service ExampleTests";
			productName = "Web Service ExampleTests";
			productReference = 18ED9FB419A7D5DA0095E3B1 /* Web Service ExampleTests.xctest */;
			productType = "com.apple.product-type.bundle.unit-test";
		};
/* End PBXNativeTarget section */

/* Begin PBXProject section */
		18ED9F9A19A7D5DA0095E3B1 /* Project object */ = {
			isa = PBXProject;
			attributes = {
				LastUpgradeCheck = 0600;
				ORGANIZATIONNAME = "Nick Ross";
				TargetAttributes = {
					18ED9FA119A7D5DA0095E3B1 = {
						CreatedOnToolsVersion = 6.0;
					};
					18ED9FB319A7D5DA0095E3B1 = {
						CreatedOnToolsVersion = 6.0;
						TestTargetID = 18ED9FA119A7D5DA0095E3B1;
					};
				};
			};
			buildConfigurationList = 18ED9F9D19A7D5DA0095E3B1 /* Build configuration list for PBXProject "Web Service Example" */;
			compatibilityVersion = "Xcode 3.2";
			developmentRegion = English;
			hasScannedForEncodings = 0;
			knownRegions = (
				en,
				Base,
			);
			mainGroup = 18ED9F9919A7D5DA0095E3B1;
			productRefGroup = 18ED9FA319A7D5DA0095E3B1 /* Products */;
			projectDirPath = "";
			projectRoot = "";
			targets = (
				18ED9FA119A7D5DA0095E3B1 /* Web Service Example */,
				18ED9FB319A7D5DA0095E3B1 /* Web Service ExampleTests */,
			);
		};
/* End PBXProject section */

/* Begin PBXResourcesBuildPhase section */
		18ED9FA019A7D5DA0095E3B1 /* Resources */ = {
			isa = PBXResourcesBuildPhase;
			buildActionMask = 2147483647;
			files = (
				18ED9FAD19A7D5DA0095E3B1 /* Main.storyboard in Resources */,
				18ED9FAF19A7D5DA0095E3B1 /* Images.xcassets in Resources */,
			);
			runOnlyForDeploymentPostprocessing = 0;
		};
		18ED9FB219A7D5DA0095E3B1 /* Resources */ = {
			isa = PBXResourcesBuildPhase;
			buildActionMask = 2147483647;
			files = (
			);
			runOnlyForDeploymentPostprocessing = 0;
		};
/* End PBXResourcesBuildPhase section */

/* Begin PBXSourcesBuildPhase section */
		18ED9F9E19A7D5DA0095E3B1 /* Sources */ = {
			isa = PBXSourcesBuildPhase;
			buildActionMask = 2147483647;
			files = (
				18ED9FAA19A7D5DA0095E3B1 /* ViewController.swift in Sources */,
				18ED9FA819A7D5DA0095E3B1 /* AppDelegate.swift in Sources */,
			);
			runOnlyForDeploymentPostprocessing = 0;
		};
		18ED9FB019A7D5DA0095E3B1 /* Sources */ = {
			isa = PBXSourcesBuildPhase;
			buildActionMask = 2147483647;
			files = (
				18ED9FBB19A7D5DA0095E3B1 /* Web_Service_ExampleTests.swift in Sources */,
			);
			runOnlyForDeploymentPostprocessing = 0;
		};
/* End PBXSourcesBuildPhase section */

/* Begin PBXTargetDependency section */
		18ED9FB619A7D5DA0095E3B1 /* PBXTargetDependency */ = {
			isa = PBXTargetDependency;
			target = 18ED9FA119A7D5DA0095E3B1 /* Web Service Example */;
			targetProxy = 18ED9FB519A7D5DA0095E3B1 /* PBXContainerItemProxy */;
		};
/* End PBXTargetDependency section */

/* Begin PBXVariantGroup section */
		18ED9FAB19A7D5DA0095E3B1 /* Main.storyboard */ = {
			isa = PBXVariantGroup;
			children = (
				18ED9FAC19A7D5DA0095E3B1 /* Base */,
			);
			name = Main.storyboard;
			sourceTree = "<group>";
		};
/* End PBXVariantGroup section */

/* Begin XCBuildConfiguration section */
		18ED9FBC19A7D5DA0095E3B1 /* Debug */ = {
			isa = XCBuildConfiguration;
			buildSettings = {
				ALWAYS_SEARCH_USER_PATHS = NO;
				CLANG_CXX_LANGUAGE_STANDARD = "gnu++0x";
				CLANG_CXX_LIBRARY = "libc++";
				CLANG_ENABLE_MODULES = YES;
				CLANG_ENABLE_OBJC_ARC = YES;
				CLANG_WARN_BOOL_CONVERSION = YES;
				CLANG_WARN_CONSTANT_CONVERSION = YES;
				CLANG_WARN_DIRECT_OBJC_ISA_USAGE = YES_ERROR;
				CLANG_WARN_EMPTY_BODY = YES;
				CLANG_WARN_ENUM_CONVERSION = YES;
				CLANG_WARN_INT_CONVERSION = YES;
				CLANG_WARN_OBJC_ROOT_CLASS = YES_ERROR;
				CLANG_WARN_UNREACHABLE_CODE = YES;
				CLANG_WARN__DUPLICATE_METHOD_MATCH = YES;
				"CODE_SIGN_IDENTITY[sdk=iphoneos*]" = "iPhone Developer";
				COPY_PHASE_STRIP = NO;
				ENABLE_STRICT_OBJC_MSGSEND = YES;
				GCC_C_LANGUAGE_STANDARD = gnu99;
				GCC_DYNAMIC_NO_PIC = NO;
				GCC_OPTIMIZATION_LEVEL = 0;
				GCC_PREPROCESSOR_DEFINITIONS = (
					"DEBUG=1",
					"$(inherited)",
				);
				GCC_SYMBOLS_PRIVATE_EXTERN = NO;
				GCC_WARN_64_TO_32_BIT_CONVERSION = YES;
				GCC_WARN_ABOUT_RETURN_TYPE = YES_ERROR;
				GCC_WARN_UNDECLARED_SELECTOR = YES;
				GCC_WARN_UNINITIALIZED_AUTOS = YES_AGGRESSIVE;
				GCC_WARN_UNUSED_FUNCTION = YES;
				GCC_WARN_UNUSED_VARIABLE = YES;
				IPHONEOS_DEPLOYMENT_TARGET = 8.0;
				MTL_ENABLE_DEBUG_INFO = YES;
				ONLY_ACTIVE_ARCH = YES;
				SDKROOT = iphoneos;
				SWIFT_OPTIMIZATION_LEVEL = "-Onone";
			};
			name = Debug;
		};
		18ED9FBD19A7D5DA0095E3B1 /* Release */ = {
			isa = XCBuildConfiguration;
			buildSettings = {
				ALWAYS_SEARCH_USER_PATHS = NO;
				CLANG_CXX_LANGUAGE_STANDARD = "gnu++0x";
				CLANG_CXX_LIBRARY = "libc++";
				CLANG_ENABLE_MODULES = YES;
				CLANG_ENABLE_OBJC_ARC = YES;
				CLANG_WARN_BOOL_CONVERSION = YES;
				CLANG_WARN_CONSTANT_CONVERSION = YES;
				CLANG_WARN_DIRECT_OBJC_ISA_USAGE = YES_ERROR;
				CLANG_WARN_EMPTY_BODY = YES;
				CLANG_WARN_ENUM_CONVERSION = YES;
				CLANG_WARN_INT_CONVERSION = YES;
				CLANG_WARN_OBJC_ROOT_CLASS = YES_ERROR;
				CLANG_WARN_UNREACHABLE_CODE = YES;
				CLANG_WARN__DUPLICATE_METHOD_MATCH = YES;
				"CODE_SIGN_IDENTITY[sdk=iphoneos*]" = "iPhone Developer";
				COPY_PHASE_STRIP = YES;
				ENABLE_NS_ASSERTIONS = NO;
				ENABLE_STRICT_OBJC_MSGSEND = YES;
				GCC_C_LANGUAGE_STANDARD = gnu99;
				GCC_WARN_64_TO_32_BIT_CONVERSION = YES;
				GCC_WARN_ABOUT_RETURN_TYPE = YES_ERROR;
				GCC_WARN_UNDECLARED_SELECTOR = YES;
				GCC_WARN_UNINITIALIZED_AUTOS = YES_AGGRESSIVE;
				GCC_WARN_UNUSED_FUNCTION = YES;
				GCC_WARN_UNUSED_VARIABLE = YES;
				IPHONEOS_DEPLOYMENT_TARGET = 8.0;
				MTL_ENABLE_DEBUG_INFO = NO;
				SDKROOT = iphoneos;
				VALIDATE_PRODUCT = YES;
			};
			name = Release;
		};
		18ED9FBF19A7D5DA0095E3B1 /* Debug */ = {
			isa = XCBuildConfiguration;
			buildSettings = {
				ASSETCATALOG_COMPILER_APPICON_NAME = AppIcon;
				ASSETCATALOG_COMPILER_LAUNCHIMAGE_NAME = LaunchImage;
				INFOPLIST_FILE = "Web Service Example/Info.plist";
				LD_RUNPATH_SEARCH_PATHS = "$(inherited) @executable_path/Frameworks";
				PRODUCT_NAME = "$(TARGET_NAME)";
			};
			name = Debug;
		};
		18ED9FC019A7D5DA0095E3B1 /* Release */ = {
			isa = XCBuildConfiguration;
			buildSettings = {
				ASSETCATALOG_COMPILER_APPICON_NAME = AppIcon;
				ASSETCATALOG_COMPILER_LAUNCHIMAGE_NAME = LaunchImage;
				INFOPLIST_FILE = "Web Service Example/Info.plist";
				LD_RUNPATH_SEARCH_PATHS = "$(inherited) @executable_path/Frameworks";
				PRODUCT_NAME = "$(TARGET_NAME)";
			};
			name = Release;
		};
		18ED9FC219A7D5DA0095E3B1 /* Debug */ = {
			isa = XCBuildConfiguration;
			buildSettings = {
				BUNDLE_LOADER = "$(TEST_HOST)";
				FRAMEWORK_SEARCH_PATHS = (
					"$(SDKROOT)/Developer/Library/Frameworks",
					"$(inherited)",
				);
				GCC_PREPROCESSOR_DEFINITIONS = (
					"DEBUG=1",
					"$(inherited)",
				);
				INFOPLIST_FILE = "Web Service ExampleTests/Info.plist";
				LD_RUNPATH_SEARCH_PATHS = "$(inherited) @executable_path/Frameworks @loader_path/Frameworks";
				PRODUCT_NAME = "$(TARGET_NAME)";
				TEST_HOST = "$(BUILT_PRODUCTS_DIR)/Web Service Example.app/Web Service Example";
			};
			name = Debug;
		};
		18ED9FC319A7D5DA0095E3B1 /* Release */ = {
			isa = XCBuildConfiguration;
			buildSettings = {
				BUNDLE_LOADER = "$(TEST_HOST)";
				FRAMEWORK_SEARCH_PATHS = (
					"$(SDKROOT)/Developer/Library/Frameworks",
					"$(inherited)",
				);
				INFOPLIST_FILE = "Web Service ExampleTests/Info.plist";
				LD_RUNPATH_SEARCH_PATHS = "$(inherited) @executable_path/Frameworks @loader_path/Frameworks";
				PRODUCT_NAME = "$(TARGET_NAME)";
				TEST_HOST = "$(BUILT_PRODUCTS_DIR)/Web Service Example.app/Web Service Example";
			};
			name = Release;
		};
/* End XCBuildConfiguration section */

/* Begin XCConfigurationList section */
		18ED9F9D19A7D5DA0095E3B1 /* Build configuration list for PBXProject "Web Service Example" */ = {
			isa = XCConfigurationList;
			buildConfigurations = (
				18ED9FBC19A7D5DA0095E3B1 /* Debug */,
				18ED9FBD19A7D5DA0095E3B1 /* Release */,
			);
			defaultConfigurationIsVisible = 0;
			defaultConfigurationName = Release;
		};
		18ED9FBE19A7D5DA0095E3B1 /* Build configuration list for PBXNativeTarget "Web Service Example" */ = {
			isa = XCConfigurationList;
			buildConfigurations = (
				18ED9FBF19A7D5DA0095E3B1 /* Debug */,
				18ED9FC019A7D5DA0095E3B1 /* Release */,
			);
			defaultConfigurationIsVisible = 0;
		};
		18ED9FC119A7D5DA0095E3B1 /* Build configuration list for PBXNativeTarget "Web Service ExampleTests" */ = {
			isa = XCConfigurationList;
			buildConfigurations = (
				18ED9FC219A7D5DA0095E3B1 /* Debug */,
				18ED9FC319A7D5DA0095E3B1 /* Release */,
			);
			defaultConfigurationIsVisible = 0;
		};
/* End XCConfigurationList section */
	};
	rootObject = 18ED9F9A19A7D5DA0095E3B1 /* Project object */;
}
